github.com/lewinski/advent-of-code v0.0.0-20211201021247-0a4deda27c6c h1:eYgYOFywHYvuiEPf8W0DNg2EIzBZSMzecJeM83btK+M=
github.com/lewinski/advent-of-code v0.0.0-20211201021247-0a4deda27c6c/go.mod h1:krYKSL1ZodUoR98bJLzA6L1r9MgZENkoVNRLQon1s+w=
github.com/lewinski/advent-of-code v0.0.0-20211222173235-daddbbe97cd7 h1:39eq7b/atP6lyYZl6LEdV80OH3Bk1QIHEm8zyp1o1yQ=
github.com/lewinski/advent-of-code v0.0.0-20211222173235-daddbbe97cd7/go.mod h1:krYKSL1ZodUoR98bJLzA6L1r9MgZENkoVNRLQon1s+w=
